
Microsoft Visual Studio Solution File, Format Version 12.00
# Visual Studio Version 17
VisualStudioVersion = 17.0.31903.59
MinimumVisualStudioVersion = 10.0.40219.1
Project("{FAE04EC0-301F-11D3-BF4B-00C04F79EFBC}") = "mf_imports", "mf_imports\mf_imports.csproj", "{D00A96FE-06D7-4311-B508-CCC2EDE14BEF}"
EndProject
Global
	GlobalSection(SolutionConfigurationPlatforms) = preSolution
		Debug|Any CPU = Debug|Any CPU
		Release|Any CPU = Release|Any CPU
	EndGlobalSection
	GlobalSection(SolutionProperties) = preSolution
		HideSolutionNode = FALSE
	EndGlobalSection
	GlobalSection(ProjectConfigurationPlatforms) = postSolution
		{D00A96FE-06D7-4311-B508-CCC2EDE14BEF}.Debug|Any CPU.ActiveCfg = Debug|Any CPU
		{D00A96FE-06D7-4311-B508-CCC2EDE14BEF}.Debug|Any CPU.Build.0 = Debug|Any CPU
		{D00A96FE-06D7-4311-B508-CCC2EDE14BEF}.Release|Any CPU.ActiveCfg = Release|Any CPU
		{D00A96FE-06D7-4311-B508-CCC2EDE14BEF}.Release|Any CPU.Build.0 = Release|Any CPU
	EndGlobalSection
EndGlobal
